
Microsoft Visual Studio Solution File, Format Version 12.00
# Visual Studio Version 17
VisualStudioVersion = 17.0.31903.59
MinimumVisualStudioVersion = 10.0.40219.1
Project("{FAE04EC0-301F-11D3-BF4B-00C04F79EFBC}") = "Code", "Code\Code.csproj", "{846DE1E4-FDEA-43D2-A2EB-23154EE08CE2}"
EndProject
Project("{FAE04EC0-301F-11D3-BF4B-00C04F79EFBC}") = "Test", "Test\Test.csproj", "{0350CFEF-561F-43D1-839B-17DA55EC49C1}"
EndProject
Global
	GlobalSection(SolutionConfigurationPlatforms) = preSolution
		Debug|Any CPU = Debug|Any CPU
		Release|Any CPU = Release|Any CPU
	EndGlobalSection
	GlobalSection(SolutionProperties) = preSolution
		HideSolutionNode = FALSE
	EndGlobalSection
	GlobalSection(ProjectConfigurationPlatforms) = postSolution
		{846DE1E4-FDEA-43D2-A2EB-23154EE08CE2}.Debug|Any CPU.ActiveCfg = Debug|Any CPU
		{846DE1E4-FDEA-43D2-A2EB-23154EE08CE2}.Debug|Any CPU.Build.0 = Debug|Any CPU
		{846DE1E4-FDEA-43D2-A2EB-23154EE08CE2}.Release|Any CPU.ActiveCfg = Release|Any CPU
		{846DE1E4-FDEA-43D2-A2EB-23154EE08CE2}.Release|Any CPU.Build.0 = Release|Any CPU
		{0350CFEF-561F-43D1-839B-17DA55EC49C1}.Debug|Any CPU.ActiveCfg = Debug|Any CPU
		{0350CFEF-561F-43D1-839B-17DA55EC49C1}.Debug|Any CPU.Build.0 = Debug|Any CPU
		{0350CFEF-561F-43D1-839B-17DA55EC49C1}.Release|Any CPU.ActiveCfg = Release|Any CPU
		{0350CFEF-561F-43D1-839B-17DA55EC49C1}.Release|Any CPU.Build.0 = Release|Any CPU
	EndGlobalSection
EndGlobal
